<Solution>
  <Folder Name="/Solution Items/">
    <File Path=".editorconfig" />
    <File Path=".gitignore" />
    <File Path="carProfile_mockup.png" />
    <File Path="devicePage_mockup.png" />
    <File Path="EV-CAN_signal_glossary.csv" />
    <File Path="EV-CAN_signal_glossary.json" />
    <File Path="EV-CAN_signal_glossary.md" />
    <File Path="global.json" />
    <File Path="Leaf2018-CAN.md" />
    <File Path="Leaf2018-CAN.pdf" />
    <File Path="Leaf2018_CAN.md" />
    <File Path="Leaf_Battery_SoC_SoH_notes.md" />
    <File Path="mockup.png" />
    <File Path="notes.md" />
    <File Path="README.md" />
    <File Path="vehicle_nissanleaf.cpp" />
  </Folder>
  <Folder Name="/src/">
    <Project Path="src/ObdInsight.Core/ObdInsight.Core.csproj" Id="38973211-6598-4e52-8e45-2adae31097f1" />
    <Project Path="src/ObdInsight.DevTools/ObdInsight.DevTools.csproj" Id="c764fe8b-9a9f-4720-8bd1-4e8023ed8334" />
    <Project Path="src/ObdInsight.Drivers/ObdInsight.Drivers.csproj" Id="d61a7cf5-15b2-4616-8185-c670c3301568" />
    <Project Path="src/ObdInsight/ObdInsight.csproj" Id="85a1989b-1fe0-477e-a7e7-8f96b78f5837">
      <Deploy Solution="Debug|*" />
    </Project>
    <Project Path="src/ObdTestApp/ObdTestApp.csproj" Id="36c169ba-2379-4f56-b741-6cc9277e9c44" />
  </Folder>
  <Folder Name="/tests/">
    <Project Path="tests/ObdInsight.AdapterComplianceTests/ObdInsight.AdapterComplianceTests.csproj" />
    <Project Path="tests/OdbInsights.Tests/ObdInsights.Tests.csproj" />
  </Folder>
</Solution>
